{
    "_meta": {
        "hash": {
            "sha256": "215bf6e995176266910c599316a4b9779efa544dd18207484f751f1b14ed89b1"
        },
        "pipfile-spec": 6,
        "requires": {
            "python_version": "3.12"
        },
        "sources": [
            {
                "name": "pypi",
                "url": "https://pypi.org/simple",
                "verify_ssl": true
            }
        ]
    },
    "default": {},
    "develop": {
        "1brc": {
            "editable": true,
            "file": "."
        }
    }
}
